
Microsoft Visual Studio Solution File, Format Version 12.00
# Visual Studio Version 16
VisualStudioVersion = 16.0.33027.164
MinimumVisualStudioVersion = 10.0.40219.1
Project("{FAE04EC0-301F-11D3-BF4B-00C04F79EFBC}") = "FerramentaMatrizes", "FerramentaMatrizes\FerramentaMatrizes.csproj", "{FE8C6408-AD2A-412D-9EFE-FE345BA7E9CE}"
EndProject
Global
	GlobalSection(SolutionConfigurationPlatforms) = preSolution
		Debug|Any CPU = Debug|Any CPU
		Release|Any CPU = Release|Any CPU
	EndGlobalSection
	GlobalSection(ProjectConfigurationPlatforms) = postSolution
		{FE8C6408-AD2A-412D-9EFE-FE345BA7E9CE}.Debug|Any CPU.ActiveCfg = Debug|Any CPU
		{FE8C6408-AD2A-412D-9EFE-FE345BA7E9CE}.Debug|Any CPU.Build.0 = Debug|Any CPU
		{FE8C6408-AD2A-412D-9EFE-FE345BA7E9CE}.Release|Any CPU.ActiveCfg = Release|Any CPU
		{FE8C6408-AD2A-412D-9EFE-FE345BA7E9CE}.Release|Any CPU.Build.0 = Release|Any CPU
	EndGlobalSection
	GlobalSection(SolutionProperties) = preSolution
		HideSolutionNode = FALSE
	EndGlobalSection
	GlobalSection(ExtensibilityGlobals) = postSolution
		SolutionGuid = {B26BE8DE-D1D3-4415-B5A9-E1541A756531}
	EndGlobalSection
EndGlobal
